{
  "version": 4,
  "terraform_version": "1.9.6",
  "serial": 4,
  "lineage": "2b401c40-0608-0251-cde5-284370fa25cb",
  "outputs": {},
  "resources": [
    {
      "mode": "managed",
      "type": "local_file",
      "name": "exemplo",
      "provider": "provider[\"registry.terraform.io/hashicorp/local\"]",
      "instances": [
        {
          "schema_version": 0,
          "attributes": {
            "content": "Full cycle",
            "content_base64": null,
            "content_base64sha256": "L8g3WPdLqkj5Ng3ODxvchK19qdhnYJGfs0CuGK2Xv2I=",
            "content_base64sha512": "cjQ+SiVPyXb1X0mQbYR6KhAm9aEK/PdbjttCLfL25OgWXyeJfHAJrGCGhTGG6f6qFtwktNWT9GeCHocyJmo3pA==",
            "content_md5": "e29d94f90c4447be677d0f1c23d7bf0e",
            "content_sha1": "5deffdeaafe58f28123c652de7b7dec71a9a5eba",
            "content_sha256": "2fc83758f74baa48f9360dce0f1bdc84ad7da9d86760919fb340ae18ad97bf62",
            "content_sha512": "72343e4a254fc976f55f49906d847a2a1026f5a10afcf75b8edb422df2f6e4e8165f27897c7009ac6086853186e9feaa16dc24b4d593f467821e8732266a37a4",
            "directory_permission": "0777",
            "file_permission": "0777",
            "filename": "exemplo.txt",
            "id": "5deffdeaafe58f28123c652de7b7dec71a9a5eba",
            "sensitive_content": null,
            "source": null
          },
          "sensitive_attributes": [
            [
              {
                "type": "get_attr",
                "value": "sensitive_content"
              }
            ]
          ]
        }
      ]
    }
  ],
  "check_results": null
}
