{
  "version": 4,
  "terraform_version": "1.9.6",
  "serial": 13,
  "lineage": "9b1cb786-f947-7644-2f45-7f5b16a0874b",
  "outputs": {},
  "resources": [
    {
      "mode": "managed",
      "type": "local_file",
      "name": "exemplo",
      "provider": "provider[\"registry.terraform.io/hashicorp/local\"]",
      "instances": [
        {
          "schema_version": 0,
          "attributes": {
            "content": "Hello Word",
            "content_base64": null,
            "content_base64sha256": "mup+syrr5vEMPsE4HGbhj/1Q8gxU4p/YW1rhWc+AydA=",
            "content_base64sha512": "bQFDECPplvcjTI2zyhDX40Hjl1lfebmjBj0il924Ahven1CDnZTEyAKkXnw/btZv8i7zKHQTTrbKOCtZuo0r8g==",
            "content_md5": "ed0a96e83ab7b0910fcbcc131b2e6b82",
            "content_sha1": "44d3a83db52a0cf0f908ad0ef55c83f4771f66ad",
            "content_sha256": "9aea7eb32aebe6f10c3ec1381c66e18ffd50f20c54e29fd85b5ae159cf80c9d0",
            "content_sha512": "6d01431023e996f7234c8db3ca10d7e341e397595f79b9a3063d2297ddb8021bde9f50839d94c4c802a45e7c3f6ed66ff22ef32874134eb6ca382b59ba8d2bf2",
            "directory_permission": "0777",
            "file_permission": "0777",
            "filename": "exemplo.txt",
            "id": "44d3a83db52a0cf0f908ad0ef55c83f4771f66ad",
            "sensitive_content": null,
            "source": null
          },
          "sensitive_attributes": [
            [
              {
                "type": "get_attr",
                "value": "sensitive_content"
              }
            ]
          ]
        }
      ]
    }
  ],
  "check_results": null
}
